
Microsoft Visual Studio Solution File, Format Version 12.00
# Visual Studio Version 16
VisualStudioVersion = 16.0.30011.22
MinimumVisualStudioVersion = 10.0.40219.1
Project("{FAE04EC0-301F-11D3-BF4B-00C04F79EFBC}") = "VeloBikeRepo", "VeloBikeRepo\VeloBikeRepo.csproj", "{3C42A8CB-FFBD-4250-9822-1507EAA46F15}"
EndProject
Project("{FAE04EC0-301F-11D3-BF4B-00C04F79EFBC}") = "Client", "Client\Client.csproj", "{4FFE31BF-59DD-4120-B12B-E120E725C7E7}"
EndProject
Global
	GlobalSection(SolutionConfigurationPlatforms) = preSolution
		Debug|Any CPU = Debug|Any CPU
		Release|Any CPU = Release|Any CPU
	EndGlobalSection
	GlobalSection(ProjectConfigurationPlatforms) = postSolution
		{3C42A8CB-FFBD-4250-9822-1507EAA46F15}.Debug|Any CPU.ActiveCfg = Debug|Any CPU
		{3C42A8CB-FFBD-4250-9822-1507EAA46F15}.Debug|Any CPU.Build.0 = Debug|Any CPU
		{3C42A8CB-FFBD-4250-9822-1507EAA46F15}.Release|Any CPU.ActiveCfg = Release|Any CPU
		{3C42A8CB-FFBD-4250-9822-1507EAA46F15}.Release|Any CPU.Build.0 = Release|Any CPU
		{4FFE31BF-59DD-4120-B12B-E120E725C7E7}.Debug|Any CPU.ActiveCfg = Debug|Any CPU
		{4FFE31BF-59DD-4120-B12B-E120E725C7E7}.Debug|Any CPU.Build.0 = Debug|Any CPU
		{4FFE31BF-59DD-4120-B12B-E120E725C7E7}.Release|Any CPU.ActiveCfg = Release|Any CPU
		{4FFE31BF-59DD-4120-B12B-E120E725C7E7}.Release|Any CPU.Build.0 = Release|Any CPU
	EndGlobalSection
	GlobalSection(SolutionProperties) = preSolution
		HideSolutionNode = FALSE
	EndGlobalSection
	GlobalSection(ExtensibilityGlobals) = postSolution
		SolutionGuid = {C1F1A1B9-46E3-417A-9488-B2B47EF46EB4}
	EndGlobalSection
EndGlobal
